
Microsoft Visual Studio Solution File, Format Version 12.00
# Visual Studio 14
VisualStudioVersion = 14.0.25420.1
MinimumVisualStudioVersion = 10.0.40219.1
Project("{2150E333-8FDC-42A3-9474-1A3956D46DE8}") = "Source", "Source", "{65A6358E-AECA-48F0-873E-D9C16D1F1732}"
EndProject
Project("{2150E333-8FDC-42A3-9474-1A3956D46DE8}") = "Mvvm", "Mvvm", "{B4A56ACB-7D75-4B1B-A57D-5B21D862DEFB}"
EndProject
Project("{2150E333-8FDC-42A3-9474-1A3956D46DE8}") = "System", "System", "{8F74DCBD-CF79-4190-A6D2-FC9E53193015}"
EndProject
Project("{2150E333-8FDC-42A3-9474-1A3956D46DE8}") = "Test", "Test", "{E19A97D9-7028-45DF-85A9-DFCA0B734F28}"
EndProject
Project("{2150E333-8FDC-42A3-9474-1A3956D46DE8}") = "Mvvm", "Mvvm", "{002C7E1D-F6E9-45E2-B731-8506F3996FF6}"
EndProject
Project("{FAE04EC0-301F-11D3-BF4B-00C04F79EFBC}") = "Kinugasa.Mvvm.Test", "Test\Shared\Kinugasa.Mvvm.Test\Kinugasa.Mvvm.Test.csproj", "{BD1A183E-D590-464D-974B-2D0C8C76255E}"
EndProject
Project("{FAE04EC0-301F-11D3-BF4B-00C04F79EFBC}") = "Kinugasa.Mvvm", "Source\Shared\Kinugasa.Mvvm\Kinugasa.Mvvm.csproj", "{3B314F51-434D-45DA-9A0D-A436B837050A}"
EndProject
Project("{2150E333-8FDC-42A3-9474-1A3956D46DE8}") = "UI", "UI", "{9EA5EB01-26D4-4B90-AA71-C028BA77693F}"
EndProject
Project("{FAE04EC0-301F-11D3-BF4B-00C04F79EFBC}") = "Kinugasa.Classic.UI", "Source\Classic\Kinugasa.Classic.UI\Kinugasa.Classic.UI.csproj", "{5578F604-47F3-4DAD-9E67-2E7420514C7E}"
EndProject
Project("{2150E333-8FDC-42A3-9474-1A3956D46DE8}") = "UWP", "UWP", "{EE9D884A-BDC0-48E4-98BE-2B5BF8590A65}"
EndProject
Project("{FAE04EC0-301F-11D3-BF4B-00C04F79EFBC}") = "Kinugasa.Uwp.Mvvm", "Source\UWP\Kinugasa.Uwp.Mvvm\Kinugasa.Uwp.Mvvm.csproj", "{C49E5700-9951-4D4F-A534-800DEA3CFA89}"
EndProject
Project("{2150E333-8FDC-42A3-9474-1A3956D46DE8}") = "Mvvm", "Mvvm", "{C92148DF-7394-4406-B5DE-58DDE15B1842}"
EndProject
Project("{2150E333-8FDC-42A3-9474-1A3956D46DE8}") = "System", "System", "{82C768BB-19FC-48D3-805F-35500A324BE2}"
EndProject
Project("{FAE04EC0-301F-11D3-BF4B-00C04F79EFBC}") = "Kinugasa.Uwp.Web", "Source\UWP\Kinugasa.Uwp.Web\Kinugasa.Uwp.Web.csproj", "{BEA1454A-FF99-4AE5-8332-24C48C8603C3}"
EndProject
Project("{2150E333-8FDC-42A3-9474-1A3956D46DE8}") = "Shared", "Shared", "{ACC739CD-AC35-4CCF-A343-C19E549D265A}"
EndProject
Project("{2150E333-8FDC-42A3-9474-1A3956D46DE8}") = "Shared", "Shared", "{A00C0CD6-EE91-4B31-A636-2FE0C8AD1F1C}"
EndProject
Project("{2150E333-8FDC-42A3-9474-1A3956D46DE8}") = "Classic", "Classic", "{BE662A58-323A-4367-8391-25B6A4DCC4EA}"
EndProject
Project("{FAE04EC0-301F-11D3-BF4B-00C04F79EFBC}") = "Kinugasa.UI", "Source\Shared\UI\Kinugasa.UI\Kinugasa.UI.csproj", "{963F3542-55DE-482C-B373-D1EC5C5B1E10}"
EndProject
Project("{2150E333-8FDC-42A3-9474-1A3956D46DE8}") = "UI", "UI", "{5F6B3E48-DDE3-4603-AC4F-1DF9B1F2349D}"
EndProject
Project("{FAE04EC0-301F-11D3-BF4B-00C04F79EFBC}") = "Kinugasa.UI.Test", "Test\Shared\Kinugasa.UI.Test\Kinugasa.UI.Test.csproj", "{5154D7C9-FD20-4B37-955C-06916A5F375F}"
EndProject
Project("{2150E333-8FDC-42A3-9474-1A3956D46DE8}") = "UWP", "UWP", "{391003E1-4FDD-4E8E-8F6B-AE780CEE6AB1}"
EndProject
Project("{FAE04EC0-301F-11D3-BF4B-00C04F79EFBC}") = "Kinugasa.Map", "Source\Shared\System\Kinugasa.Map\Kinugasa.Map.csproj", "{73CA8952-1FE9-48BB-B16A-469945EE6EA9}"
EndProject
Project("{2150E333-8FDC-42A3-9474-1A3956D46DE8}") = "System", "System", "{488F2BC6-1EBC-410F-906D-B57E1531F37D}"
EndProject
Project("{FAE04EC0-301F-11D3-BF4B-00C04F79EFBC}") = "Kinugasa.Map.Test", "Test\Shared\System\Kinugasa.Map.Test\Kinugasa.Map.Test.csproj", "{F3C2F88E-54DA-4D0C-B134-70636ACB1F73}"
EndProject
Project("{FAE04EC0-301F-11D3-BF4B-00C04F79EFBC}") = "Kinugasa.EnumExtensions", "Source\Shared\System\Kinugasa.EnumExtensions\Kinugasa.EnumExtensions.csproj", "{61575AC2-B6B7-45AE-84EC-134929AB1E19}"
EndProject
Project("{FAE04EC0-301F-11D3-BF4B-00C04F79EFBC}") = "Kinugasa.EnumExtensions.Test", "Test\Shared\Kinugasa.EnumExtensions\Kinugasa.EnumExtensions.Test.csproj", "{74FAA9DE-BE19-466D-89AC-98126E1E21BC}"
EndProject
Global
	GlobalSection(SolutionConfigurationPlatforms) = preSolution
		Debug|Any CPU = Debug|Any CPU
		Debug|ARM = Debug|ARM
		Debug|x64 = Debug|x64
		Debug|x86 = Debug|x86
		Release|Any CPU = Release|Any CPU
		Release|ARM = Release|ARM
		Release|x64 = Release|x64
		Release|x86 = Release|x86
	EndGlobalSection
	GlobalSection(ProjectConfigurationPlatforms) = postSolution
		{BD1A183E-D590-464D-974B-2D0C8C76255E}.Debug|Any CPU.ActiveCfg = Debug|Any CPU
		{BD1A183E-D590-464D-974B-2D0C8C76255E}.Debug|Any CPU.Build.0 = Debug|Any CPU
		{BD1A183E-D590-464D-974B-2D0C8C76255E}.Debug|ARM.ActiveCfg = Debug|Any CPU
		{BD1A183E-D590-464D-974B-2D0C8C76255E}.Debug|ARM.Build.0 = Debug|Any CPU
		{BD1A183E-D590-464D-974B-2D0C8C76255E}.Debug|x64.ActiveCfg = Debug|Any CPU
		{BD1A183E-D590-464D-974B-2D0C8C76255E}.Debug|x64.Build.0 = Debug|Any CPU
		{BD1A183E-D590-464D-974B-2D0C8C76255E}.Debug|x86.ActiveCfg = Debug|Any CPU
		{BD1A183E-D590-464D-974B-2D0C8C76255E}.Debug|x86.Build.0 = Debug|Any CPU
		{BD1A183E-D590-464D-974B-2D0C8C76255E}.Release|Any CPU.ActiveCfg = Release|Any CPU
		{BD1A183E-D590-464D-974B-2D0C8C76255E}.Release|Any CPU.Build.0 = Release|Any CPU
		{BD1A183E-D590-464D-974B-2D0C8C76255E}.Release|ARM.ActiveCfg = Release|Any CPU
		{BD1A183E-D590-464D-974B-2D0C8C76255E}.Release|ARM.Build.0 = Release|Any CPU
		{BD1A183E-D590-464D-974B-2D0C8C76255E}.Release|x64.ActiveCfg = Release|Any CPU
		{BD1A183E-D590-464D-974B-2D0C8C76255E}.Release|x64.Build.0 = Release|Any CPU
		{BD1A183E-D590-464D-974B-2D0C8C76255E}.Release|x86.ActiveCfg = Release|Any CPU
		{BD1A183E-D590-464D-974B-2D0C8C76255E}.Release|x86.Build.0 = Release|Any CPU
		{3B314F51-434D-45DA-9A0D-A436B837050A}.Debug|Any CPU.ActiveCfg = Debug|Any CPU
		{3B314F51-434D-45DA-9A0D-A436B837050A}.Debug|Any CPU.Build.0 = Debug|Any CPU
		{3B314F51-434D-45DA-9A0D-A436B837050A}.Debug|ARM.ActiveCfg = Debug|Any CPU
		{3B314F51-434D-45DA-9A0D-A436B837050A}.Debug|ARM.Build.0 = Debug|Any CPU
		{3B314F51-434D-45DA-9A0D-A436B837050A}.Debug|x64.ActiveCfg = Debug|Any CPU
		{3B314F51-434D-45DA-9A0D-A436B837050A}.Debug|x64.Build.0 = Debug|Any CPU
		{3B314F51-434D-45DA-9A0D-A436B837050A}.Debug|x86.ActiveCfg = Debug|Any CPU
		{3B314F51-434D-45DA-9A0D-A436B837050A}.Debug|x86.Build.0 = Debug|Any CPU
		{3B314F51-434D-45DA-9A0D-A436B837050A}.Release|Any CPU.ActiveCfg = Release|Any CPU
		{3B314F51-434D-45DA-9A0D-A436B837050A}.Release|Any CPU.Build.0 = Release|Any CPU
		{3B314F51-434D-45DA-9A0D-A436B837050A}.Release|ARM.ActiveCfg = Release|Any CPU
		{3B314F51-434D-45DA-9A0D-A436B837050A}.Release|ARM.Build.0 = Release|Any CPU
		{3B314F51-434D-45DA-9A0D-A436B837050A}.Release|x64.ActiveCfg = Release|Any CPU
		{3B314F51-434D-45DA-9A0D-A436B837050A}.Release|x64.Build.0 = Release|Any CPU
		{3B314F51-434D-45DA-9A0D-A436B837050A}.Release|x86.ActiveCfg = Release|Any CPU
		{3B314F51-434D-45DA-9A0D-A436B837050A}.Release|x86.Build.0 = Release|Any CPU
		{5578F604-47F3-4DAD-9E67-2E7420514C7E}.Debug|Any CPU.ActiveCfg = Debug|Any CPU
		{5578F604-47F3-4DAD-9E67-2E7420514C7E}.Debug|Any CPU.Build.0 = Debug|Any CPU
		{5578F604-47F3-4DAD-9E67-2E7420514C7E}.Debug|ARM.ActiveCfg = Debug|Any CPU
		{5578F604-47F3-4DAD-9E67-2E7420514C7E}.Debug|ARM.Build.0 = Debug|Any CPU
		{5578F604-47F3-4DAD-9E67-2E7420514C7E}.Debug|x64.ActiveCfg = Debug|Any CPU
		{5578F604-47F3-4DAD-9E67-2E7420514C7E}.Debug|x64.Build.0 = Debug|Any CPU
		{5578F604-47F3-4DAD-9E67-2E7420514C7E}.Debug|x86.ActiveCfg = Debug|Any CPU
		{5578F604-47F3-4DAD-9E67-2E7420514C7E}.Debug|x86.Build.0 = Debug|Any CPU
		{5578F604-47F3-4DAD-9E67-2E7420514C7E}.Release|Any CPU.ActiveCfg = Release|Any CPU
		{5578F604-47F3-4DAD-9E67-2E7420514C7E}.Release|Any CPU.Build.0 = Release|Any CPU
		{5578F604-47F3-4DAD-9E67-2E7420514C7E}.Release|ARM.ActiveCfg = Release|Any CPU
		{5578F604-47F3-4DAD-9E67-2E7420514C7E}.Release|ARM.Build.0 = Release|Any CPU
		{5578F604-47F3-4DAD-9E67-2E7420514C7E}.Release|x64.ActiveCfg = Release|Any CPU
		{5578F604-47F3-4DAD-9E67-2E7420514C7E}.Release|x64.Build.0 = Release|Any CPU
		{5578F604-47F3-4DAD-9E67-2E7420514C7E}.Release|x86.ActiveCfg = Release|Any CPU
		{5578F604-47F3-4DAD-9E67-2E7420514C7E}.Release|x86.Build.0 = Release|Any CPU
		{C49E5700-9951-4D4F-A534-800DEA3CFA89}.Debug|Any CPU.ActiveCfg = Debug|Any CPU
		{C49E5700-9951-4D4F-A534-800DEA3CFA89}.Debug|Any CPU.Build.0 = Debug|Any CPU
		{C49E5700-9951-4D4F-A534-800DEA3CFA89}.Debug|ARM.ActiveCfg = Debug|ARM
		{C49E5700-9951-4D4F-A534-800DEA3CFA89}.Debug|ARM.Build.0 = Debug|ARM
		{C49E5700-9951-4D4F-A534-800DEA3CFA89}.Debug|x64.ActiveCfg = Debug|x64
		{C49E5700-9951-4D4F-A534-800DEA3CFA89}.Debug|x64.Build.0 = Debug|x64
		{C49E5700-9951-4D4F-A534-800DEA3CFA89}.Debug|x86.ActiveCfg = Debug|x86
		{C49E5700-9951-4D4F-A534-800DEA3CFA89}.Debug|x86.Build.0 = Debug|x86
		{C49E5700-9951-4D4F-A534-800DEA3CFA89}.Release|Any CPU.ActiveCfg = Release|Any CPU
		{C49E5700-9951-4D4F-A534-800DEA3CFA89}.Release|Any CPU.Build.0 = Release|Any CPU
		{C49E5700-9951-4D4F-A534-800DEA3CFA89}.Release|ARM.ActiveCfg = Release|ARM
		{C49E5700-9951-4D4F-A534-800DEA3CFA89}.Release|ARM.Build.0 = Release|ARM
		{C49E5700-9951-4D4F-A534-800DEA3CFA89}.Release|x64.ActiveCfg = Release|x64
		{C49E5700-9951-4D4F-A534-800DEA3CFA89}.Release|x64.Build.0 = Release|x64
		{C49E5700-9951-4D4F-A534-800DEA3CFA89}.Release|x86.ActiveCfg = Release|x86
		{C49E5700-9951-4D4F-A534-800DEA3CFA89}.Release|x86.Build.0 = Release|x86
		{BEA1454A-FF99-4AE5-8332-24C48C8603C3}.Debug|Any CPU.ActiveCfg = Debug|Any CPU
		{BEA1454A-FF99-4AE5-8332-24C48C8603C3}.Debug|Any CPU.Build.0 = Debug|Any CPU
		{BEA1454A-FF99-4AE5-8332-24C48C8603C3}.Debug|ARM.ActiveCfg = Debug|ARM
		{BEA1454A-FF99-4AE5-8332-24C48C8603C3}.Debug|ARM.Build.0 = Debug|ARM
		{BEA1454A-FF99-4AE5-8332-24C48C8603C3}.Debug|x64.ActiveCfg = Debug|x64
		{BEA1454A-FF99-4AE5-8332-24C48C8603C3}.Debug|x64.Build.0 = Debug|x64
		{BEA1454A-FF99-4AE5-8332-24C48C8603C3}.Debug|x86.ActiveCfg = Debug|x86
		{BEA1454A-FF99-4AE5-8332-24C48C8603C3}.Debug|x86.Build.0 = Debug|x86
		{BEA1454A-FF99-4AE5-8332-24C48C8603C3}.Release|Any CPU.ActiveCfg = Release|Any CPU
		{BEA1454A-FF99-4AE5-8332-24C48C8603C3}.Release|Any CPU.Build.0 = Release|Any CPU
		{BEA1454A-FF99-4AE5-8332-24C48C8603C3}.Release|ARM.ActiveCfg = Release|ARM
		{BEA1454A-FF99-4AE5-8332-24C48C8603C3}.Release|ARM.Build.0 = Release|ARM
		{BEA1454A-FF99-4AE5-8332-24C48C8603C3}.Release|x64.ActiveCfg = Release|x64
		{BEA1454A-FF99-4AE5-8332-24C48C8603C3}.Release|x64.Build.0 = Release|x64
		{BEA1454A-FF99-4AE5-8332-24C48C8603C3}.Release|x86.ActiveCfg = Release|x86
		{BEA1454A-FF99-4AE5-8332-24C48C8603C3}.Release|x86.Build.0 = Release|x86
		{963F3542-55DE-482C-B373-D1EC5C5B1E10}.Debug|Any CPU.ActiveCfg = Debug|Any CPU
		{963F3542-55DE-482C-B373-D1EC5C5B1E10}.Debug|Any CPU.Build.0 = Debug|Any CPU
		{963F3542-55DE-482C-B373-D1EC5C5B1E10}.Debug|ARM.ActiveCfg = Debug|Any CPU
		{963F3542-55DE-482C-B373-D1EC5C5B1E10}.Debug|ARM.Build.0 = Debug|Any CPU
		{963F3542-55DE-482C-B373-D1EC5C5B1E10}.Debug|x64.ActiveCfg = Debug|Any CPU
		{963F3542-55DE-482C-B373-D1EC5C5B1E10}.Debug|x64.Build.0 = Debug|Any CPU
		{963F3542-55DE-482C-B373-D1EC5C5B1E10}.Debug|x86.ActiveCfg = Debug|Any CPU
		{963F3542-55DE-482C-B373-D1EC5C5B1E10}.Debug|x86.Build.0 = Debug|Any CPU
		{963F3542-55DE-482C-B373-D1EC5C5B1E10}.Release|Any CPU.ActiveCfg = Release|Any CPU
		{963F3542-55DE-482C-B373-D1EC5C5B1E10}.Release|Any CPU.Build.0 = Release|Any CPU
		{963F3542-55DE-482C-B373-D1EC5C5B1E10}.Release|ARM.ActiveCfg = Release|Any CPU
		{963F3542-55DE-482C-B373-D1EC5C5B1E10}.Release|ARM.Build.0 = Release|Any CPU
		{963F3542-55DE-482C-B373-D1EC5C5B1E10}.Release|x64.ActiveCfg = Release|Any CPU
		{963F3542-55DE-482C-B373-D1EC5C5B1E10}.Release|x64.Build.0 = Release|Any CPU
		{963F3542-55DE-482C-B373-D1EC5C5B1E10}.Release|x86.ActiveCfg = Release|Any CPU
		{963F3542-55DE-482C-B373-D1EC5C5B1E10}.Release|x86.Build.0 = Release|Any CPU
		{5154D7C9-FD20-4B37-955C-06916A5F375F}.Debug|Any CPU.ActiveCfg = Debug|Any CPU
		{5154D7C9-FD20-4B37-955C-06916A5F375F}.Debug|Any CPU.Build.0 = Debug|Any CPU
		{5154D7C9-FD20-4B37-955C-06916A5F375F}.Debug|ARM.ActiveCfg = Debug|Any CPU
		{5154D7C9-FD20-4B37-955C-06916A5F375F}.Debug|ARM.Build.0 = Debug|Any CPU
		{5154D7C9-FD20-4B37-955C-06916A5F375F}.Debug|x64.ActiveCfg = Debug|Any CPU
		{5154D7C9-FD20-4B37-955C-06916A5F375F}.Debug|x64.Build.0 = Debug|Any CPU
		{5154D7C9-FD20-4B37-955C-06916A5F375F}.Debug|x86.ActiveCfg = Debug|Any CPU
		{5154D7C9-FD20-4B37-955C-06916A5F375F}.Debug|x86.Build.0 = Debug|Any CPU
		{5154D7C9-FD20-4B37-955C-06916A5F375F}.Release|Any CPU.ActiveCfg = Release|Any CPU
		{5154D7C9-FD20-4B37-955C-06916A5F375F}.Release|Any CPU.Build.0 = Release|Any CPU
		{5154D7C9-FD20-4B37-955C-06916A5F375F}.Release|ARM.ActiveCfg = Release|Any CPU
		{5154D7C9-FD20-4B37-955C-06916A5F375F}.Release|ARM.Build.0 = Release|Any CPU
		{5154D7C9-FD20-4B37-955C-06916A5F375F}.Release|x64.ActiveCfg = Release|Any CPU
		{5154D7C9-FD20-4B37-955C-06916A5F375F}.Release|x64.Build.0 = Release|Any CPU
		{5154D7C9-FD20-4B37-955C-06916A5F375F}.Release|x86.ActiveCfg = Release|Any CPU
		{5154D7C9-FD20-4B37-955C-06916A5F375F}.Release|x86.Build.0 = Release|Any CPU
		{73CA8952-1FE9-48BB-B16A-469945EE6EA9}.Debug|Any CPU.ActiveCfg = Debug|Any CPU
		{73CA8952-1FE9-48BB-B16A-469945EE6EA9}.Debug|Any CPU.Build.0 = Debug|Any CPU
		{73CA8952-1FE9-48BB-B16A-469945EE6EA9}.Debug|ARM.ActiveCfg = Debug|Any CPU
		{73CA8952-1FE9-48BB-B16A-469945EE6EA9}.Debug|ARM.Build.0 = Debug|Any CPU
		{73CA8952-1FE9-48BB-B16A-469945EE6EA9}.Debug|x64.ActiveCfg = Debug|Any CPU
		{73CA8952-1FE9-48BB-B16A-469945EE6EA9}.Debug|x64.Build.0 = Debug|Any CPU
		{73CA8952-1FE9-48BB-B16A-469945EE6EA9}.Debug|x86.ActiveCfg = Debug|Any CPU
		{73CA8952-1FE9-48BB-B16A-469945EE6EA9}.Debug|x86.Build.0 = Debug|Any CPU
		{73CA8952-1FE9-48BB-B16A-469945EE6EA9}.Release|Any CPU.ActiveCfg = Release|Any CPU
		{73CA8952-1FE9-48BB-B16A-469945EE6EA9}.Release|Any CPU.Build.0 = Release|Any CPU
		{73CA8952-1FE9-48BB-B16A-469945EE6EA9}.Release|ARM.ActiveCfg = Release|Any CPU
		{73CA8952-1FE9-48BB-B16A-469945EE6EA9}.Release|ARM.Build.0 = Release|Any CPU
		{73CA8952-1FE9-48BB-B16A-469945EE6EA9}.Release|x64.ActiveCfg = Release|Any CPU
		{73CA8952-1FE9-48BB-B16A-469945EE6EA9}.Release|x64.Build.0 = Release|Any CPU
		{73CA8952-1FE9-48BB-B16A-469945EE6EA9}.Release|x86.ActiveCfg = Release|Any CPU
		{73CA8952-1FE9-48BB-B16A-469945EE6EA9}.Release|x86.Build.0 = Release|Any CPU
		{F3C2F88E-54DA-4D0C-B134-70636ACB1F73}.Debug|Any CPU.ActiveCfg = Debug|Any CPU
		{F3C2F88E-54DA-4D0C-B134-70636ACB1F73}.Debug|Any CPU.Build.0 = Debug|Any CPU
		{F3C2F88E-54DA-4D0C-B134-70636ACB1F73}.Debug|ARM.ActiveCfg = Debug|Any CPU
		{F3C2F88E-54DA-4D0C-B134-70636ACB1F73}.Debug|ARM.Build.0 = Debug|Any CPU
		{F3C2F88E-54DA-4D0C-B134-70636ACB1F73}.Debug|x64.ActiveCfg = Debug|Any CPU
		{F3C2F88E-54DA-4D0C-B134-70636ACB1F73}.Debug|x64.Build.0 = Debug|Any CPU
		{F3C2F88E-54DA-4D0C-B134-70636ACB1F73}.Debug|x86.ActiveCfg = Debug|Any CPU
		{F3C2F88E-54DA-4D0C-B134-70636ACB1F73}.Debug|x86.Build.0 = Debug|Any CPU
		{F3C2F88E-54DA-4D0C-B134-70636ACB1F73}.Release|Any CPU.ActiveCfg = Release|Any CPU
		{F3C2F88E-54DA-4D0C-B134-70636ACB1F73}.Release|Any CPU.Build.0 = Release|Any CPU
		{F3C2F88E-54DA-4D0C-B134-70636ACB1F73}.Release|ARM.ActiveCfg = Release|Any CPU
		{F3C2F88E-54DA-4D0C-B134-70636ACB1F73}.Release|ARM.Build.0 = Release|Any CPU
		{F3C2F88E-54DA-4D0C-B134-70636ACB1F73}.Release|x64.ActiveCfg = Release|Any CPU
		{F3C2F88E-54DA-4D0C-B134-70636ACB1F73}.Release|x64.Build.0 = Release|Any CPU
		{F3C2F88E-54DA-4D0C-B134-70636ACB1F73}.Release|x86.ActiveCfg = Release|Any CPU
		{F3C2F88E-54DA-4D0C-B134-70636ACB1F73}.Release|x86.Build.0 = Release|Any CPU
		{61575AC2-B6B7-45AE-84EC-134929AB1E19}.Debug|Any CPU.ActiveCfg = Debug|Any CPU
		{61575AC2-B6B7-45AE-84EC-134929AB1E19}.Debug|Any CPU.Build.0 = Debug|Any CPU
		{61575AC2-B6B7-45AE-84EC-134929AB1E19}.Debug|ARM.ActiveCfg = Debug|Any CPU
		{61575AC2-B6B7-45AE-84EC-134929AB1E19}.Debug|ARM.Build.0 = Debug|Any CPU
		{61575AC2-B6B7-45AE-84EC-134929AB1E19}.Debug|x64.ActiveCfg = Debug|Any CPU
		{61575AC2-B6B7-45AE-84EC-134929AB1E19}.Debug|x64.Build.0 = Debug|Any CPU
		{61575AC2-B6B7-45AE-84EC-134929AB1E19}.Debug|x86.ActiveCfg = Debug|Any CPU
		{61575AC2-B6B7-45AE-84EC-134929AB1E19}.Debug|x86.Build.0 = Debug|Any CPU
		{61575AC2-B6B7-45AE-84EC-134929AB1E19}.Release|Any CPU.ActiveCfg = Release|Any CPU
		{61575AC2-B6B7-45AE-84EC-134929AB1E19}.Release|Any CPU.Build.0 = Release|Any CPU
		{61575AC2-B6B7-45AE-84EC-134929AB1E19}.Release|ARM.ActiveCfg = Release|Any CPU
		{61575AC2-B6B7-45AE-84EC-134929AB1E19}.Release|ARM.Build.0 = Release|Any CPU
		{61575AC2-B6B7-45AE-84EC-134929AB1E19}.Release|x64.ActiveCfg = Release|Any CPU
		{61575AC2-B6B7-45AE-84EC-134929AB1E19}.Release|x64.Build.0 = Release|Any CPU
		{61575AC2-B6B7-45AE-84EC-134929AB1E19}.Release|x86.ActiveCfg = Release|Any CPU
		{61575AC2-B6B7-45AE-84EC-134929AB1E19}.Release|x86.Build.0 = Release|Any CPU
		{74FAA9DE-BE19-466D-89AC-98126E1E21BC}.Debug|Any CPU.ActiveCfg = Debug|Any CPU
		{74FAA9DE-BE19-466D-89AC-98126E1E21BC}.Debug|Any CPU.Build.0 = Debug|Any CPU
		{74FAA9DE-BE19-466D-89AC-98126E1E21BC}.Debug|ARM.ActiveCfg = Debug|Any CPU
		{74FAA9DE-BE19-466D-89AC-98126E1E21BC}.Debug|ARM.Build.0 = Debug|Any CPU
		{74FAA9DE-BE19-466D-89AC-98126E1E21BC}.Debug|x64.ActiveCfg = Debug|Any CPU
		{74FAA9DE-BE19-466D-89AC-98126E1E21BC}.Debug|x64.Build.0 = Debug|Any CPU
		{74FAA9DE-BE19-466D-89AC-98126E1E21BC}.Debug|x86.ActiveCfg = Debug|Any CPU
		{74FAA9DE-BE19-466D-89AC-98126E1E21BC}.Debug|x86.Build.0 = Debug|Any CPU
		{74FAA9DE-BE19-466D-89AC-98126E1E21BC}.Release|Any CPU.ActiveCfg = Release|Any CPU
		{74FAA9DE-BE19-466D-89AC-98126E1E21BC}.Release|Any CPU.Build.0 = Release|Any CPU
		{74FAA9DE-BE19-466D-89AC-98126E1E21BC}.Release|ARM.ActiveCfg = Release|Any CPU
		{74FAA9DE-BE19-466D-89AC-98126E1E21BC}.Release|ARM.Build.0 = Release|Any CPU
		{74FAA9DE-BE19-466D-89AC-98126E1E21BC}.Release|x64.ActiveCfg = Release|Any CPU
		{74FAA9DE-BE19-466D-89AC-98126E1E21BC}.Release|x64.Build.0 = Release|Any CPU
		{74FAA9DE-BE19-466D-89AC-98126E1E21BC}.Release|x86.ActiveCfg = Release|Any CPU
		{74FAA9DE-BE19-466D-89AC-98126E1E21BC}.Release|x86.Build.0 = Release|Any CPU
	EndGlobalSection
	GlobalSection(SolutionProperties) = preSolution
		HideSolutionNode = FALSE
	EndGlobalSection
	GlobalSection(NestedProjects) = preSolution
		{B4A56ACB-7D75-4B1B-A57D-5B21D862DEFB} = {ACC739CD-AC35-4CCF-A343-C19E549D265A}
		{8F74DCBD-CF79-4190-A6D2-FC9E53193015} = {ACC739CD-AC35-4CCF-A343-C19E549D265A}
		{002C7E1D-F6E9-45E2-B731-8506F3996FF6} = {A00C0CD6-EE91-4B31-A636-2FE0C8AD1F1C}
		{BD1A183E-D590-464D-974B-2D0C8C76255E} = {002C7E1D-F6E9-45E2-B731-8506F3996FF6}
		{3B314F51-434D-45DA-9A0D-A436B837050A} = {B4A56ACB-7D75-4B1B-A57D-5B21D862DEFB}
		{9EA5EB01-26D4-4B90-AA71-C028BA77693F} = {ACC739CD-AC35-4CCF-A343-C19E549D265A}
		{5578F604-47F3-4DAD-9E67-2E7420514C7E} = {BE662A58-323A-4367-8391-25B6A4DCC4EA}
		{EE9D884A-BDC0-48E4-98BE-2B5BF8590A65} = {65A6358E-AECA-48F0-873E-D9C16D1F1732}
		{C49E5700-9951-4D4F-A534-800DEA3CFA89} = {C92148DF-7394-4406-B5DE-58DDE15B1842}
		{C92148DF-7394-4406-B5DE-58DDE15B1842} = {EE9D884A-BDC0-48E4-98BE-2B5BF8590A65}
		{82C768BB-19FC-48D3-805F-35500A324BE2} = {EE9D884A-BDC0-48E4-98BE-2B5BF8590A65}
		{BEA1454A-FF99-4AE5-8332-24C48C8603C3} = {82C768BB-19FC-48D3-805F-35500A324BE2}
		{ACC739CD-AC35-4CCF-A343-C19E549D265A} = {65A6358E-AECA-48F0-873E-D9C16D1F1732}
		{A00C0CD6-EE91-4B31-A636-2FE0C8AD1F1C} = {E19A97D9-7028-45DF-85A9-DFCA0B734F28}
		{BE662A58-323A-4367-8391-25B6A4DCC4EA} = {65A6358E-AECA-48F0-873E-D9C16D1F1732}
		{963F3542-55DE-482C-B373-D1EC5C5B1E10} = {9EA5EB01-26D4-4B90-AA71-C028BA77693F}
		{5F6B3E48-DDE3-4603-AC4F-1DF9B1F2349D} = {A00C0CD6-EE91-4B31-A636-2FE0C8AD1F1C}
		{5154D7C9-FD20-4B37-955C-06916A5F375F} = {5F6B3E48-DDE3-4603-AC4F-1DF9B1F2349D}
		{391003E1-4FDD-4E8E-8F6B-AE780CEE6AB1} = {E19A97D9-7028-45DF-85A9-DFCA0B734F28}
		{73CA8952-1FE9-48BB-B16A-469945EE6EA9} = {8F74DCBD-CF79-4190-A6D2-FC9E53193015}
		{488F2BC6-1EBC-410F-906D-B57E1531F37D} = {A00C0CD6-EE91-4B31-A636-2FE0C8AD1F1C}
		{F3C2F88E-54DA-4D0C-B134-70636ACB1F73} = {488F2BC6-1EBC-410F-906D-B57E1531F37D}
		{61575AC2-B6B7-45AE-84EC-134929AB1E19} = {8F74DCBD-CF79-4190-A6D2-FC9E53193015}
		{74FAA9DE-BE19-466D-89AC-98126E1E21BC} = {488F2BC6-1EBC-410F-906D-B57E1531F37D}
	EndGlobalSection
EndGlobal
